
Microsoft Visual Studio Solution File, Format Version 12.00
# Visual Studio Version 17
VisualStudioVersion = 17.8.34330.188
MinimumVisualStudioVersion = 10.0.40219.1
Project("{9A19103F-16F7-4668-BE54-9A1E7A4F7556}") = "FitApp", "FitApp\FitApp.csproj", "{43C0E411-549E-4F2D-83DD-BC109C06D115}"
EndProject
Project("{9A19103F-16F7-4668-BE54-9A1E7A4F7556}") = "FitApp.Database", "FitApp.Database\FitApp.Database.csproj", "{7BAFD24C-1803-4159-88E6-F10F9683E22E}"
EndProject
Project("{9A19103F-16F7-4668-BE54-9A1E7A4F7556}") = "FitApp.Domain", "FitApp.Domain\FitApp.Domain.csproj", "{6A80F57D-9E07-4160-AE56-1C15535B07F5}"
EndProject
Project("{9A19103F-16F7-4668-BE54-9A1E7A4F7556}") = "FitApp.ConsoleView", "FitApp.ConsoleView\FitApp.ConsoleView.csproj", "{DF3EED55-36E4-4C06-82A0-4C7F3EF8ECEA}"
EndProject
Project("{2150E333-8FDC-42A3-9474-1A3956D46DE8}") = "src", "src", "{AC841D8F-8E13-49B1-9B23-D4BA62E9F845}"
EndProject
Project("{2150E333-8FDC-42A3-9474-1A3956D46DE8}") = "Tests", "Tests", "{AE55C3F0-7568-4C56-880E-D40F0E3B062F}"
EndProject
Project("{FAE04EC0-301F-11D3-BF4B-00C04F79EFBC}") = "CartTests", "CartTests\CartTests.csproj", "{B28475ED-84F3-4113-AA14-973C877F3E51}"
EndProject
Global
	GlobalSection(SolutionConfigurationPlatforms) = preSolution
		Debug|Any CPU = Debug|Any CPU
		Release|Any CPU = Release|Any CPU
	EndGlobalSection
	GlobalSection(ProjectConfigurationPlatforms) = postSolution
		{43C0E411-549E-4F2D-83DD-BC109C06D115}.Debug|Any CPU.ActiveCfg = Debug|Any CPU
		{43C0E411-549E-4F2D-83DD-BC109C06D115}.Debug|Any CPU.Build.0 = Debug|Any CPU
		{43C0E411-549E-4F2D-83DD-BC109C06D115}.Release|Any CPU.ActiveCfg = Release|Any CPU
		{43C0E411-549E-4F2D-83DD-BC109C06D115}.Release|Any CPU.Build.0 = Release|Any CPU
		{7BAFD24C-1803-4159-88E6-F10F9683E22E}.Debug|Any CPU.ActiveCfg = Debug|Any CPU
		{7BAFD24C-1803-4159-88E6-F10F9683E22E}.Debug|Any CPU.Build.0 = Debug|Any CPU
		{7BAFD24C-1803-4159-88E6-F10F9683E22E}.Release|Any CPU.ActiveCfg = Release|Any CPU
		{7BAFD24C-1803-4159-88E6-F10F9683E22E}.Release|Any CPU.Build.0 = Release|Any CPU
		{6A80F57D-9E07-4160-AE56-1C15535B07F5}.Debug|Any CPU.ActiveCfg = Debug|Any CPU
		{6A80F57D-9E07-4160-AE56-1C15535B07F5}.Debug|Any CPU.Build.0 = Debug|Any CPU
		{6A80F57D-9E07-4160-AE56-1C15535B07F5}.Release|Any CPU.ActiveCfg = Release|Any CPU
		{6A80F57D-9E07-4160-AE56-1C15535B07F5}.Release|Any CPU.Build.0 = Release|Any CPU
		{DF3EED55-36E4-4C06-82A0-4C7F3EF8ECEA}.Debug|Any CPU.ActiveCfg = Debug|Any CPU
		{DF3EED55-36E4-4C06-82A0-4C7F3EF8ECEA}.Debug|Any CPU.Build.0 = Debug|Any CPU
		{DF3EED55-36E4-4C06-82A0-4C7F3EF8ECEA}.Release|Any CPU.ActiveCfg = Release|Any CPU
		{DF3EED55-36E4-4C06-82A0-4C7F3EF8ECEA}.Release|Any CPU.Build.0 = Release|Any CPU
		{B28475ED-84F3-4113-AA14-973C877F3E51}.Debug|Any CPU.ActiveCfg = Debug|Any CPU
		{B28475ED-84F3-4113-AA14-973C877F3E51}.Debug|Any CPU.Build.0 = Debug|Any CPU
		{B28475ED-84F3-4113-AA14-973C877F3E51}.Release|Any CPU.ActiveCfg = Release|Any CPU
		{B28475ED-84F3-4113-AA14-973C877F3E51}.Release|Any CPU.Build.0 = Release|Any CPU
	EndGlobalSection
	GlobalSection(SolutionProperties) = preSolution
		HideSolutionNode = FALSE
	EndGlobalSection
	GlobalSection(NestedProjects) = preSolution
		{43C0E411-549E-4F2D-83DD-BC109C06D115} = {AC841D8F-8E13-49B1-9B23-D4BA62E9F845}
		{7BAFD24C-1803-4159-88E6-F10F9683E22E} = {AC841D8F-8E13-49B1-9B23-D4BA62E9F845}
		{6A80F57D-9E07-4160-AE56-1C15535B07F5} = {AC841D8F-8E13-49B1-9B23-D4BA62E9F845}
		{DF3EED55-36E4-4C06-82A0-4C7F3EF8ECEA} = {AC841D8F-8E13-49B1-9B23-D4BA62E9F845}
		{B28475ED-84F3-4113-AA14-973C877F3E51} = {AE55C3F0-7568-4C56-880E-D40F0E3B062F}
	EndGlobalSection
	GlobalSection(ExtensibilityGlobals) = postSolution
		SolutionGuid = {9495EFD3-6167-4E46-8887-E3BA77E33946}
	EndGlobalSection
EndGlobal
